
Microsoft Visual Studio Solution File, Format Version 12.00
# Visual Studio 14
VisualStudioVersion = 14.0.22310.1
MinimumVisualStudioVersion = 10.0.40219.1
Project("{FAE04EC0-301F-11D3-BF4B-00C04F79EFBC}") = "PortalBrowser.Desktop", "PortalBrowser.Desktop\PortalBrowser.Desktop.csproj", "{99373650-6B2B-4B49-BC63-ABD88456BCEA}"
EndProject
Project("{FAE04EC0-301F-11D3-BF4B-00C04F79EFBC}") = "PortalBrowser.WinStore", "PortalBrowser.WinStore\PortalBrowser.WinStore.csproj", "{A8573833-417A-4DEA-927A-5A76F6F6346B}"
EndProject
Project("{FAE04EC0-301F-11D3-BF4B-00C04F79EFBC}") = "PortalBrowser.WinPhone", "PortalBrowser.WinPhone\PortalBrowser.WinPhone.csproj", "{89202700-1D0D-4C4F-90BA-8B4B9BEB1335}"
EndProject
Project("{D954291E-2A0B-460D-934E-DC6B0785DB48}") = "PortalBrowser.Shared", "PortalBrowser.Shared\PortalBrowser.Shared.shproj", "{8019F03D-C34F-4973-BD30-908AB9C17153}"
EndProject
Project("{2150E333-8FDC-42A3-9474-1A3956D46DE8}") = "Xamarin", "Xamarin", "{E10FFDE4-53E6-4B68-B119-0F3807DFBCBF}"
EndProject
Project("{FAE04EC0-301F-11D3-BF4B-00C04F79EFBC}") = "PortalBrowser.iOS", "PortalBrowser\PortalBrowser.iOS\PortalBrowser.iOS.csproj", "{4A05FB3B-F441-4C18-A2C8-8410F8E21100}"
EndProject
Project("{FAE04EC0-301F-11D3-BF4B-00C04F79EFBC}") = "PortalBrowser.Droid", "PortalBrowser\PortalBrowser.Droid\PortalBrowser.Droid.csproj", "{6DEB0976-CD56-459D-A335-A0CEA1C54143}"
EndProject
Project("{D954291E-2A0B-460D-934E-DC6B0785DB48}") = "PortalBrowser.XamarinShared", "PortalBrowser\PortalBrowser\PortalBrowser.XamarinShared.shproj", "{D1C93E88-A83F-4736-8D22-E71C2AF25263}"
EndProject
Global
	GlobalSection(SharedMSBuildProjectFiles) = preSolution
		PortalBrowser\PortalBrowser\PortalBrowser.projitems*{d1c93e88-a83f-4736-8d22-e71c2af25263}*SharedItemsImports = 13
		PortalBrowser.Shared\PortalBrowser.Shared.projitems*{a8573833-417a-4dea-927a-5a76f6f6346b}*SharedItemsImports = 4
		PortalBrowser.Shared\PortalBrowser.Shared.projitems*{8019f03d-c34f-4973-bd30-908ab9c17153}*SharedItemsImports = 13
		PortalBrowser.Shared\PortalBrowser.Shared.projitems*{6deb0976-cd56-459d-a335-a0cea1c54143}*SharedItemsImports = 4
		PortalBrowser\PortalBrowser\PortalBrowser.projitems*{6deb0976-cd56-459d-a335-a0cea1c54143}*SharedItemsImports = 4
		PortalBrowser.Shared\PortalBrowser.Shared.projitems*{89202700-1d0d-4c4f-90ba-8b4b9beb1335}*SharedItemsImports = 4
		PortalBrowser.Shared\PortalBrowser.Shared.projitems*{99373650-6b2b-4b49-bc63-abd88456bcea}*SharedItemsImports = 4
	EndGlobalSection
	GlobalSection(SolutionConfigurationPlatforms) = preSolution
		Ad-Hoc|Any CPU = Ad-Hoc|Any CPU
		Ad-Hoc|ARM = Ad-Hoc|ARM
		Ad-Hoc|iPhone = Ad-Hoc|iPhone
		Ad-Hoc|iPhoneSimulator = Ad-Hoc|iPhoneSimulator
		Ad-Hoc|x64 = Ad-Hoc|x64
		Ad-Hoc|x86 = Ad-Hoc|x86
		AppStore|Any CPU = AppStore|Any CPU
		AppStore|ARM = AppStore|ARM
		AppStore|iPhone = AppStore|iPhone
		AppStore|iPhoneSimulator = AppStore|iPhoneSimulator
		AppStore|x64 = AppStore|x64
		AppStore|x86 = AppStore|x86
		Debug|Any CPU = Debug|Any CPU
		Debug|ARM = Debug|ARM
		Debug|iPhone = Debug|iPhone
		Debug|iPhoneSimulator = Debug|iPhoneSimulator
		Debug|x64 = Debug|x64
		Debug|x86 = Debug|x86
		Release|Any CPU = Release|Any CPU
		Release|ARM = Release|ARM
		Release|iPhone = Release|iPhone
		Release|iPhoneSimulator = Release|iPhoneSimulator
		Release|x64 = Release|x64
		Release|x86 = Release|x86
	EndGlobalSection
	GlobalSection(ProjectConfigurationPlatforms) = postSolution
		{99373650-6B2B-4B49-BC63-ABD88456BCEA}.Ad-Hoc|Any CPU.ActiveCfg = Release|x86
		{99373650-6B2B-4B49-BC63-ABD88456BCEA}.Ad-Hoc|Any CPU.Build.0 = Release|x86
		{99373650-6B2B-4B49-BC63-ABD88456BCEA}.Ad-Hoc|ARM.ActiveCfg = Release|x86
		{99373650-6B2B-4B49-BC63-ABD88456BCEA}.Ad-Hoc|ARM.Build.0 = Release|x86
		{99373650-6B2B-4B49-BC63-ABD88456BCEA}.Ad-Hoc|iPhone.ActiveCfg = Release|x86
		{99373650-6B2B-4B49-BC63-ABD88456BCEA}.Ad-Hoc|iPhone.Build.0 = Release|x86
		{99373650-6B2B-4B49-BC63-ABD88456BCEA}.Ad-Hoc|iPhoneSimulator.ActiveCfg = Release|x86
		{99373650-6B2B-4B49-BC63-ABD88456BCEA}.Ad-Hoc|iPhoneSimulator.Build.0 = Release|x86
		{99373650-6B2B-4B49-BC63-ABD88456BCEA}.Ad-Hoc|x64.ActiveCfg = Release|x64
		{99373650-6B2B-4B49-BC63-ABD88456BCEA}.Ad-Hoc|x64.Build.0 = Release|x64
		{99373650-6B2B-4B49-BC63-ABD88456BCEA}.Ad-Hoc|x86.ActiveCfg = Release|x86
		{99373650-6B2B-4B49-BC63-ABD88456BCEA}.Ad-Hoc|x86.Build.0 = Release|x86
		{99373650-6B2B-4B49-BC63-ABD88456BCEA}.AppStore|Any CPU.ActiveCfg = Release|x86
		{99373650-6B2B-4B49-BC63-ABD88456BCEA}.AppStore|Any CPU.Build.0 = Release|x86
		{99373650-6B2B-4B49-BC63-ABD88456BCEA}.AppStore|ARM.ActiveCfg = Release|x86
		{99373650-6B2B-4B49-BC63-ABD88456BCEA}.AppStore|ARM.Build.0 = Release|x86
		{99373650-6B2B-4B49-BC63-ABD88456BCEA}.AppStore|iPhone.ActiveCfg = Release|x86
		{99373650-6B2B-4B49-BC63-ABD88456BCEA}.AppStore|iPhone.Build.0 = Release|x86
		{99373650-6B2B-4B49-BC63-ABD88456BCEA}.AppStore|iPhoneSimulator.ActiveCfg = Release|x86
		{99373650-6B2B-4B49-BC63-ABD88456BCEA}.AppStore|iPhoneSimulator.Build.0 = Release|x86
		{99373650-6B2B-4B49-BC63-ABD88456BCEA}.AppStore|x64.ActiveCfg = Release|x64
		{99373650-6B2B-4B49-BC63-ABD88456BCEA}.AppStore|x64.Build.0 = Release|x64
		{99373650-6B2B-4B49-BC63-ABD88456BCEA}.AppStore|x86.ActiveCfg = Release|x86
		{99373650-6B2B-4B49-BC63-ABD88456BCEA}.AppStore|x86.Build.0 = Release|x86
		{99373650-6B2B-4B49-BC63-ABD88456BCEA}.Debug|Any CPU.ActiveCfg = Debug|x86
		{99373650-6B2B-4B49-BC63-ABD88456BCEA}.Debug|Any CPU.Build.0 = Debug|x86
		{99373650-6B2B-4B49-BC63-ABD88456BCEA}.Debug|ARM.ActiveCfg = Debug|x64
		{99373650-6B2B-4B49-BC63-ABD88456BCEA}.Debug|iPhone.ActiveCfg = Debug|x86
		{99373650-6B2B-4B49-BC63-ABD88456BCEA}.Debug|iPhoneSimulator.ActiveCfg = Debug|x86
		{99373650-6B2B-4B49-BC63-ABD88456BCEA}.Debug|x64.ActiveCfg = Debug|x64
		{99373650-6B2B-4B49-BC63-ABD88456BCEA}.Debug|x64.Build.0 = Debug|x64
		{99373650-6B2B-4B49-BC63-ABD88456BCEA}.Debug|x86.ActiveCfg = Debug|x86
		{99373650-6B2B-4B49-BC63-ABD88456BCEA}.Debug|x86.Build.0 = Debug|x86
		{99373650-6B2B-4B49-BC63-ABD88456BCEA}.Release|Any CPU.ActiveCfg = Release|x86
		{99373650-6B2B-4B49-BC63-ABD88456BCEA}.Release|ARM.ActiveCfg = Release|x64
		{99373650-6B2B-4B49-BC63-ABD88456BCEA}.Release|iPhone.ActiveCfg = Release|x86
		{99373650-6B2B-4B49-BC63-ABD88456BCEA}.Release|iPhoneSimulator.ActiveCfg = Release|x86
		{99373650-6B2B-4B49-BC63-ABD88456BCEA}.Release|x64.ActiveCfg = Release|x64
		{99373650-6B2B-4B49-BC63-ABD88456BCEA}.Release|x64.Build.0 = Release|x64
		{99373650-6B2B-4B49-BC63-ABD88456BCEA}.Release|x86.ActiveCfg = Release|x86
		{99373650-6B2B-4B49-BC63-ABD88456BCEA}.Release|x86.Build.0 = Release|x86
		{A8573833-417A-4DEA-927A-5A76F6F6346B}.Ad-Hoc|Any CPU.ActiveCfg = Release|x86
		{A8573833-417A-4DEA-927A-5A76F6F6346B}.Ad-Hoc|Any CPU.Build.0 = Release|x86
		{A8573833-417A-4DEA-927A-5A76F6F6346B}.Ad-Hoc|Any CPU.Deploy.0 = Release|x86
		{A8573833-417A-4DEA-927A-5A76F6F6346B}.Ad-Hoc|ARM.ActiveCfg = Release|ARM
		{A8573833-417A-4DEA-927A-5A76F6F6346B}.Ad-Hoc|ARM.Build.0 = Release|ARM
		{A8573833-417A-4DEA-927A-5A76F6F6346B}.Ad-Hoc|ARM.Deploy.0 = Release|ARM
		{A8573833-417A-4DEA-927A-5A76F6F6346B}.Ad-Hoc|iPhone.ActiveCfg = Release|x86
		{A8573833-417A-4DEA-927A-5A76F6F6346B}.Ad-Hoc|iPhone.Build.0 = Release|x86
		{A8573833-417A-4DEA-927A-5A76F6F6346B}.Ad-Hoc|iPhone.Deploy.0 = Release|x86
		{A8573833-417A-4DEA-927A-5A76F6F6346B}.Ad-Hoc|iPhoneSimulator.ActiveCfg = Release|x86
		{A8573833-417A-4DEA-927A-5A76F6F6346B}.Ad-Hoc|iPhoneSimulator.Build.0 = Release|x86
		{A8573833-417A-4DEA-927A-5A76F6F6346B}.Ad-Hoc|iPhoneSimulator.Deploy.0 = Release|x86
		{A8573833-417A-4DEA-927A-5A76F6F6346B}.Ad-Hoc|x64.ActiveCfg = Release|x64
		{A8573833-417A-4DEA-927A-5A76F6F6346B}.Ad-Hoc|x64.Build.0 = Release|x64
		{A8573833-417A-4DEA-927A-5A76F6F6346B}.Ad-Hoc|x64.Deploy.0 = Release|x64
		{A8573833-417A-4DEA-927A-5A76F6F6346B}.Ad-Hoc|x86.ActiveCfg = Release|x86
		{A8573833-417A-4DEA-927A-5A76F6F6346B}.Ad-Hoc|x86.Build.0 = Release|x86
		{A8573833-417A-4DEA-927A-5A76F6F6346B}.Ad-Hoc|x86.Deploy.0 = Release|x86
		{A8573833-417A-4DEA-927A-5A76F6F6346B}.AppStore|Any CPU.ActiveCfg = Release|x86
		{A8573833-417A-4DEA-927A-5A76F6F6346B}.AppStore|Any CPU.Build.0 = Release|x86
		{A8573833-417A-4DEA-927A-5A76F6F6346B}.AppStore|Any CPU.Deploy.0 = Release|x86
		{A8573833-417A-4DEA-927A-5A76F6F6346B}.AppStore|ARM.ActiveCfg = Release|ARM
		{A8573833-417A-4DEA-927A-5A76F6F6346B}.AppStore|ARM.Build.0 = Release|ARM
		{A8573833-417A-4DEA-927A-5A76F6F6346B}.AppStore|ARM.Deploy.0 = Release|ARM
		{A8573833-417A-4DEA-927A-5A76F6F6346B}.AppStore|iPhone.ActiveCfg = Release|x86
		{A8573833-417A-4DEA-927A-5A76F6F6346B}.AppStore|iPhone.Build.0 = Release|x86
		{A8573833-417A-4DEA-927A-5A76F6F6346B}.AppStore|iPhone.Deploy.0 = Release|x86
		{A8573833-417A-4DEA-927A-5A76F6F6346B}.AppStore|iPhoneSimulator.ActiveCfg = Release|x86
		{A8573833-417A-4DEA-927A-5A76F6F6346B}.AppStore|iPhoneSimulator.Build.0 = Release|x86
		{A8573833-417A-4DEA-927A-5A76F6F6346B}.AppStore|iPhoneSimulator.Deploy.0 = Release|x86
		{A8573833-417A-4DEA-927A-5A76F6F6346B}.AppStore|x64.ActiveCfg = Release|x64
		{A8573833-417A-4DEA-927A-5A76F6F6346B}.AppStore|x64.Build.0 = Release|x64
		{A8573833-417A-4DEA-927A-5A76F6F6346B}.AppStore|x64.Deploy.0 = Release|x64
		{A8573833-417A-4DEA-927A-5A76F6F6346B}.AppStore|x86.ActiveCfg = Release|x86
		{A8573833-417A-4DEA-927A-5A76F6F6346B}.AppStore|x86.Build.0 = Release|x86
		{A8573833-417A-4DEA-927A-5A76F6F6346B}.AppStore|x86.Deploy.0 = Release|x86
		{A8573833-417A-4DEA-927A-5A76F6F6346B}.Debug|Any CPU.ActiveCfg = Debug|x86
		{A8573833-417A-4DEA-927A-5A76F6F6346B}.Debug|Any CPU.Build.0 = Debug|x86
		{A8573833-417A-4DEA-927A-5A76F6F6346B}.Debug|Any CPU.Deploy.0 = Debug|x86
		{A8573833-417A-4DEA-927A-5A76F6F6346B}.Debug|ARM.ActiveCfg = Debug|ARM
		{A8573833-417A-4DEA-927A-5A76F6F6346B}.Debug|ARM.Build.0 = Debug|ARM
		{A8573833-417A-4DEA-927A-5A76F6F6346B}.Debug|ARM.Deploy.0 = Debug|ARM
		{A8573833-417A-4DEA-927A-5A76F6F6346B}.Debug|iPhone.ActiveCfg = Debug|x86
		{A8573833-417A-4DEA-927A-5A76F6F6346B}.Debug|iPhoneSimulator.ActiveCfg = Debug|x86
		{A8573833-417A-4DEA-927A-5A76F6F6346B}.Debug|x64.ActiveCfg = Debug|x64
		{A8573833-417A-4DEA-927A-5A76F6F6346B}.Debug|x64.Build.0 = Debug|x64
		{A8573833-417A-4DEA-927A-5A76F6F6346B}.Debug|x64.Deploy.0 = Debug|x64
		{A8573833-417A-4DEA-927A-5A76F6F6346B}.Debug|x86.ActiveCfg = Debug|x86
		{A8573833-417A-4DEA-927A-5A76F6F6346B}.Debug|x86.Build.0 = Debug|x86
		{A8573833-417A-4DEA-927A-5A76F6F6346B}.Debug|x86.Deploy.0 = Debug|x86
		{A8573833-417A-4DEA-927A-5A76F6F6346B}.Release|Any CPU.ActiveCfg = Release|x86
		{A8573833-417A-4DEA-927A-5A76F6F6346B}.Release|ARM.ActiveCfg = Release|ARM
		{A8573833-417A-4DEA-927A-5A76F6F6346B}.Release|ARM.Build.0 = Release|ARM
		{A8573833-417A-4DEA-927A-5A76F6F6346B}.Release|ARM.Deploy.0 = Release|ARM
		{A8573833-417A-4DEA-927A-5A76F6F6346B}.Release|iPhone.ActiveCfg = Release|x86
		{A8573833-417A-4DEA-927A-5A76F6F6346B}.Release|iPhoneSimulator.ActiveCfg = Release|x86
		{A8573833-417A-4DEA-927A-5A76F6F6346B}.Release|x64.ActiveCfg = Release|x64
		{A8573833-417A-4DEA-927A-5A76F6F6346B}.Release|x64.Build.0 = Release|x64
		{A8573833-417A-4DEA-927A-5A76F6F6346B}.Release|x64.Deploy.0 = Release|x64
		{A8573833-417A-4DEA-927A-5A76F6F6346B}.Release|x86.ActiveCfg = Release|x86
		{A8573833-417A-4DEA-927A-5A76F6F6346B}.Release|x86.Build.0 = Release|x86
		{A8573833-417A-4DEA-927A-5A76F6F6346B}.Release|x86.Deploy.0 = Release|x86
		{89202700-1D0D-4C4F-90BA-8B4B9BEB1335}.Ad-Hoc|Any CPU.ActiveCfg = Release|x86
		{89202700-1D0D-4C4F-90BA-8B4B9BEB1335}.Ad-Hoc|Any CPU.Build.0 = Release|x86
		{89202700-1D0D-4C4F-90BA-8B4B9BEB1335}.Ad-Hoc|Any CPU.Deploy.0 = Release|x86
		{89202700-1D0D-4C4F-90BA-8B4B9BEB1335}.Ad-Hoc|ARM.ActiveCfg = Release|ARM
		{89202700-1D0D-4C4F-90BA-8B4B9BEB1335}.Ad-Hoc|ARM.Build.0 = Release|ARM
		{89202700-1D0D-4C4F-90BA-8B4B9BEB1335}.Ad-Hoc|ARM.Deploy.0 = Release|ARM
		{89202700-1D0D-4C4F-90BA-8B4B9BEB1335}.Ad-Hoc|iPhone.ActiveCfg = Release|x86
		{89202700-1D0D-4C4F-90BA-8B4B9BEB1335}.Ad-Hoc|iPhone.Build.0 = Release|x86
		{89202700-1D0D-4C4F-90BA-8B4B9BEB1335}.Ad-Hoc|iPhone.Deploy.0 = Release|x86
		{89202700-1D0D-4C4F-90BA-8B4B9BEB1335}.Ad-Hoc|iPhoneSimulator.ActiveCfg = Release|x86
		{89202700-1D0D-4C4F-90BA-8B4B9BEB1335}.Ad-Hoc|iPhoneSimulator.Build.0 = Release|x86
		{89202700-1D0D-4C4F-90BA-8B4B9BEB1335}.Ad-Hoc|iPhoneSimulator.Deploy.0 = Release|x86
		{89202700-1D0D-4C4F-90BA-8B4B9BEB1335}.Ad-Hoc|x64.ActiveCfg = Release|x86
		{89202700-1D0D-4C4F-90BA-8B4B9BEB1335}.Ad-Hoc|x64.Build.0 = Release|x86
		{89202700-1D0D-4C4F-90BA-8B4B9BEB1335}.Ad-Hoc|x64.Deploy.0 = Release|x86
		{89202700-1D0D-4C4F-90BA-8B4B9BEB1335}.Ad-Hoc|x86.ActiveCfg = Release|x86
		{89202700-1D0D-4C4F-90BA-8B4B9BEB1335}.Ad-Hoc|x86.Build.0 = Release|x86
		{89202700-1D0D-4C4F-90BA-8B4B9BEB1335}.Ad-Hoc|x86.Deploy.0 = Release|x86
		{89202700-1D0D-4C4F-90BA-8B4B9BEB1335}.AppStore|Any CPU.ActiveCfg = Release|x86
		{89202700-1D0D-4C4F-90BA-8B4B9BEB1335}.AppStore|Any CPU.Build.0 = Release|x86
		{89202700-1D0D-4C4F-90BA-8B4B9BEB1335}.AppStore|Any CPU.Deploy.0 = Release|x86
		{89202700-1D0D-4C4F-90BA-8B4B9BEB1335}.AppStore|ARM.ActiveCfg = Release|ARM
		{89202700-1D0D-4C4F-90BA-8B4B9BEB1335}.AppStore|ARM.Build.0 = Release|ARM
		{89202700-1D0D-4C4F-90BA-8B4B9BEB1335}.AppStore|ARM.Deploy.0 = Release|ARM
		{89202700-1D0D-4C4F-90BA-8B4B9BEB1335}.AppStore|iPhone.ActiveCfg = Release|x86
		{89202700-1D0D-4C4F-90BA-8B4B9BEB1335}.AppStore|iPhone.Build.0 = Release|x86
		{89202700-1D0D-4C4F-90BA-8B4B9BEB1335}.AppStore|iPhone.Deploy.0 = Release|x86
		{89202700-1D0D-4C4F-90BA-8B4B9BEB1335}.AppStore|iPhoneSimulator.ActiveCfg = Release|x86
		{89202700-1D0D-4C4F-90BA-8B4B9BEB1335}.AppStore|iPhoneSimulator.Build.0 = Release|x86
		{89202700-1D0D-4C4F-90BA-8B4B9BEB1335}.AppStore|iPhoneSimulator.Deploy.0 = Release|x86
		{89202700-1D0D-4C4F-90BA-8B4B9BEB1335}.AppStore|x64.ActiveCfg = Release|x86
		{89202700-1D0D-4C4F-90BA-8B4B9BEB1335}.AppStore|x64.Build.0 = Release|x86
		{89202700-1D0D-4C4F-90BA-8B4B9BEB1335}.AppStore|x64.Deploy.0 = Release|x86
		{89202700-1D0D-4C4F-90BA-8B4B9BEB1335}.AppStore|x86.ActiveCfg = Release|x86
		{89202700-1D0D-4C4F-90BA-8B4B9BEB1335}.AppStore|x86.Build.0 = Release|x86
		{89202700-1D0D-4C4F-90BA-8B4B9BEB1335}.AppStore|x86.Deploy.0 = Release|x86
		{89202700-1D0D-4C4F-90BA-8B4B9BEB1335}.Debug|Any CPU.ActiveCfg = Debug|x86
		{89202700-1D0D-4C4F-90BA-8B4B9BEB1335}.Debug|Any CPU.Build.0 = Debug|x86
		{89202700-1D0D-4C4F-90BA-8B4B9BEB1335}.Debug|Any CPU.Deploy.0 = Debug|x86
		{89202700-1D0D-4C4F-90BA-8B4B9BEB1335}.Debug|ARM.ActiveCfg = Debug|ARM
		{89202700-1D0D-4C4F-90BA-8B4B9BEB1335}.Debug|ARM.Build.0 = Debug|ARM
		{89202700-1D0D-4C4F-90BA-8B4B9BEB1335}.Debug|ARM.Deploy.0 = Debug|ARM
		{89202700-1D0D-4C4F-90BA-8B4B9BEB1335}.Debug|iPhone.ActiveCfg = Debug|x86
		{89202700-1D0D-4C4F-90BA-8B4B9BEB1335}.Debug|iPhoneSimulator.ActiveCfg = Debug|x86
		{89202700-1D0D-4C4F-90BA-8B4B9BEB1335}.Debug|x64.ActiveCfg = Debug|x86
		{89202700-1D0D-4C4F-90BA-8B4B9BEB1335}.Debug|x86.ActiveCfg = Debug|x86
		{89202700-1D0D-4C4F-90BA-8B4B9BEB1335}.Debug|x86.Build.0 = Debug|x86
		{89202700-1D0D-4C4F-90BA-8B4B9BEB1335}.Debug|x86.Deploy.0 = Debug|x86
		{89202700-1D0D-4C4F-90BA-8B4B9BEB1335}.Release|Any CPU.ActiveCfg = Release|x86
		{89202700-1D0D-4C4F-90BA-8B4B9BEB1335}.Release|ARM.ActiveCfg = Release|ARM
		{89202700-1D0D-4C4F-90BA-8B4B9BEB1335}.Release|ARM.Build.0 = Release|ARM
		{89202700-1D0D-4C4F-90BA-8B4B9BEB1335}.Release|ARM.Deploy.0 = Release|ARM
		{89202700-1D0D-4C4F-90BA-8B4B9BEB1335}.Release|iPhone.ActiveCfg = Release|x86
		{89202700-1D0D-4C4F-90BA-8B4B9BEB1335}.Release|iPhoneSimulator.ActiveCfg = Release|x86
		{89202700-1D0D-4C4F-90BA-8B4B9BEB1335}.Release|x64.ActiveCfg = Release|x86
		{89202700-1D0D-4C4F-90BA-8B4B9BEB1335}.Release|x86.ActiveCfg = Release|x86
		{89202700-1D0D-4C4F-90BA-8B4B9BEB1335}.Release|x86.Build.0 = Release|x86
		{89202700-1D0D-4C4F-90BA-8B4B9BEB1335}.Release|x86.Deploy.0 = Release|x86
		{4A05FB3B-F441-4C18-A2C8-8410F8E21100}.Ad-Hoc|Any CPU.ActiveCfg = Ad-Hoc|iPhone
		{4A05FB3B-F441-4C18-A2C8-8410F8E21100}.Ad-Hoc|ARM.ActiveCfg = Ad-Hoc|iPhone
		{4A05FB3B-F441-4C18-A2C8-8410F8E21100}.Ad-Hoc|iPhone.ActiveCfg = Ad-Hoc|iPhone
		{4A05FB3B-F441-4C18-A2C8-8410F8E21100}.Ad-Hoc|iPhone.Build.0 = Ad-Hoc|iPhone
		{4A05FB3B-F441-4C18-A2C8-8410F8E21100}.Ad-Hoc|iPhoneSimulator.ActiveCfg = Ad-Hoc|iPhoneSimulator
		{4A05FB3B-F441-4C18-A2C8-8410F8E21100}.Ad-Hoc|iPhoneSimulator.Build.0 = Ad-Hoc|iPhoneSimulator
		{4A05FB3B-F441-4C18-A2C8-8410F8E21100}.Ad-Hoc|x64.ActiveCfg = Ad-Hoc|iPhone
		{4A05FB3B-F441-4C18-A2C8-8410F8E21100}.Ad-Hoc|x86.ActiveCfg = Ad-Hoc|iPhone
		{4A05FB3B-F441-4C18-A2C8-8410F8E21100}.AppStore|Any CPU.ActiveCfg = AppStore|iPhone
		{4A05FB3B-F441-4C18-A2C8-8410F8E21100}.AppStore|ARM.ActiveCfg = AppStore|iPhone
		{4A05FB3B-F441-4C18-A2C8-8410F8E21100}.AppStore|iPhone.ActiveCfg = AppStore|iPhone
		{4A05FB3B-F441-4C18-A2C8-8410F8E21100}.AppStore|iPhone.Build.0 = AppStore|iPhone
		{4A05FB3B-F441-4C18-A2C8-8410F8E21100}.AppStore|iPhoneSimulator.ActiveCfg = AppStore|iPhoneSimulator
		{4A05FB3B-F441-4C18-A2C8-8410F8E21100}.AppStore|iPhoneSimulator.Build.0 = AppStore|iPhoneSimulator
		{4A05FB3B-F441-4C18-A2C8-8410F8E21100}.AppStore|x64.ActiveCfg = AppStore|iPhone
		{4A05FB3B-F441-4C18-A2C8-8410F8E21100}.AppStore|x86.ActiveCfg = AppStore|iPhone
		{4A05FB3B-F441-4C18-A2C8-8410F8E21100}.Debug|Any CPU.ActiveCfg = Debug|iPhone
		{4A05FB3B-F441-4C18-A2C8-8410F8E21100}.Debug|ARM.ActiveCfg = Debug|iPhone
		{4A05FB3B-F441-4C18-A2C8-8410F8E21100}.Debug|iPhone.ActiveCfg = Debug|iPhone
		{4A05FB3B-F441-4C18-A2C8-8410F8E21100}.Debug|iPhone.Build.0 = Debug|iPhone
		{4A05FB3B-F441-4C18-A2C8-8410F8E21100}.Debug|iPhoneSimulator.ActiveCfg = Debug|iPhoneSimulator
		{4A05FB3B-F441-4C18-A2C8-8410F8E21100}.Debug|iPhoneSimulator.Build.0 = Debug|iPhoneSimulator
		{4A05FB3B-F441-4C18-A2C8-8410F8E21100}.Debug|x64.ActiveCfg = Debug|iPhone
		{4A05FB3B-F441-4C18-A2C8-8410F8E21100}.Debug|x86.ActiveCfg = Debug|iPhone
		{4A05FB3B-F441-4C18-A2C8-8410F8E21100}.Release|Any CPU.ActiveCfg = Release|iPhone
		{4A05FB3B-F441-4C18-A2C8-8410F8E21100}.Release|ARM.ActiveCfg = Release|iPhone
		{4A05FB3B-F441-4C18-A2C8-8410F8E21100}.Release|iPhone.ActiveCfg = Release|iPhone
		{4A05FB3B-F441-4C18-A2C8-8410F8E21100}.Release|iPhone.Build.0 = Release|iPhone
		{4A05FB3B-F441-4C18-A2C8-8410F8E21100}.Release|iPhoneSimulator.ActiveCfg = Release|iPhoneSimulator
		{4A05FB3B-F441-4C18-A2C8-8410F8E21100}.Release|iPhoneSimulator.Build.0 = Release|iPhoneSimulator
		{4A05FB3B-F441-4C18-A2C8-8410F8E21100}.Release|x64.ActiveCfg = Release|iPhone
		{4A05FB3B-F441-4C18-A2C8-8410F8E21100}.Release|x86.ActiveCfg = Release|iPhone
		{6DEB0976-CD56-459D-A335-A0CEA1C54143}.Ad-Hoc|Any CPU.ActiveCfg = Release|Any CPU
		{6DEB0976-CD56-459D-A335-A0CEA1C54143}.Ad-Hoc|Any CPU.Build.0 = Release|Any CPU
		{6DEB0976-CD56-459D-A335-A0CEA1C54143}.Ad-Hoc|Any CPU.Deploy.0 = Release|Any CPU
		{6DEB0976-CD56-459D-A335-A0CEA1C54143}.Ad-Hoc|ARM.ActiveCfg = Release|Any CPU
		{6DEB0976-CD56-459D-A335-A0CEA1C54143}.Ad-Hoc|ARM.Build.0 = Release|Any CPU
		{6DEB0976-CD56-459D-A335-A0CEA1C54143}.Ad-Hoc|ARM.Deploy.0 = Release|Any CPU
		{6DEB0976-CD56-459D-A335-A0CEA1C54143}.Ad-Hoc|iPhone.ActiveCfg = Release|Any CPU
		{6DEB0976-CD56-459D-A335-A0CEA1C54143}.Ad-Hoc|iPhone.Build.0 = Release|Any CPU
		{6DEB0976-CD56-459D-A335-A0CEA1C54143}.Ad-Hoc|iPhone.Deploy.0 = Release|Any CPU
		{6DEB0976-CD56-459D-A335-A0CEA1C54143}.Ad-Hoc|iPhoneSimulator.ActiveCfg = Release|Any CPU
		{6DEB0976-CD56-459D-A335-A0CEA1C54143}.Ad-Hoc|iPhoneSimulator.Build.0 = Release|Any CPU
		{6DEB0976-CD56-459D-A335-A0CEA1C54143}.Ad-Hoc|iPhoneSimulator.Deploy.0 = Release|Any CPU
		{6DEB0976-CD56-459D-A335-A0CEA1C54143}.Ad-Hoc|x64.ActiveCfg = Release|Any CPU
		{6DEB0976-CD56-459D-A335-A0CEA1C54143}.Ad-Hoc|x64.Build.0 = Release|Any CPU
		{6DEB0976-CD56-459D-A335-A0CEA1C54143}.Ad-Hoc|x64.Deploy.0 = Release|Any CPU
		{6DEB0976-CD56-459D-A335-A0CEA1C54143}.Ad-Hoc|x86.ActiveCfg = Release|Any CPU
		{6DEB0976-CD56-459D-A335-A0CEA1C54143}.Ad-Hoc|x86.Build.0 = Release|Any CPU
		{6DEB0976-CD56-459D-A335-A0CEA1C54143}.Ad-Hoc|x86.Deploy.0 = Release|Any CPU
		{6DEB0976-CD56-459D-A335-A0CEA1C54143}.AppStore|Any CPU.ActiveCfg = Release|Any CPU
		{6DEB0976-CD56-459D-A335-A0CEA1C54143}.AppStore|Any CPU.Build.0 = Release|Any CPU
		{6DEB0976-CD56-459D-A335-A0CEA1C54143}.AppStore|Any CPU.Deploy.0 = Release|Any CPU
		{6DEB0976-CD56-459D-A335-A0CEA1C54143}.AppStore|ARM.ActiveCfg = Release|Any CPU
		{6DEB0976-CD56-459D-A335-A0CEA1C54143}.AppStore|ARM.Build.0 = Release|Any CPU
		{6DEB0976-CD56-459D-A335-A0CEA1C54143}.AppStore|ARM.Deploy.0 = Release|Any CPU
		{6DEB0976-CD56-459D-A335-A0CEA1C54143}.AppStore|iPhone.ActiveCfg = Release|Any CPU
		{6DEB0976-CD56-459D-A335-A0CEA1C54143}.AppStore|iPhone.Build.0 = Release|Any CPU
		{6DEB0976-CD56-459D-A335-A0CEA1C54143}.AppStore|iPhone.Deploy.0 = Release|Any CPU
		{6DEB0976-CD56-459D-A335-A0CEA1C54143}.AppStore|iPhoneSimulator.ActiveCfg = Release|Any CPU
		{6DEB0976-CD56-459D-A335-A0CEA1C54143}.AppStore|iPhoneSimulator.Build.0 = Release|Any CPU
		{6DEB0976-CD56-459D-A335-A0CEA1C54143}.AppStore|iPhoneSimulator.Deploy.0 = Release|Any CPU
		{6DEB0976-CD56-459D-A335-A0CEA1C54143}.AppStore|x64.ActiveCfg = Release|Any CPU
		{6DEB0976-CD56-459D-A335-A0CEA1C54143}.AppStore|x64.Build.0 = Release|Any CPU
		{6DEB0976-CD56-459D-A335-A0CEA1C54143}.AppStore|x64.Deploy.0 = Release|Any CPU
		{6DEB0976-CD56-459D-A335-A0CEA1C54143}.AppStore|x86.ActiveCfg = Release|Any CPU
		{6DEB0976-CD56-459D-A335-A0CEA1C54143}.AppStore|x86.Build.0 = Release|Any CPU
		{6DEB0976-CD56-459D-A335-A0CEA1C54143}.AppStore|x86.Deploy.0 = Release|Any CPU
		{6DEB0976-CD56-459D-A335-A0CEA1C54143}.Debug|Any CPU.ActiveCfg = Debug|Any CPU
		{6DEB0976-CD56-459D-A335-A0CEA1C54143}.Debug|Any CPU.Build.0 = Debug|Any CPU
		{6DEB0976-CD56-459D-A335-A0CEA1C54143}.Debug|Any CPU.Deploy.0 = Debug|Any CPU
		{6DEB0976-CD56-459D-A335-A0CEA1C54143}.Debug|ARM.ActiveCfg = Debug|Any CPU
		{6DEB0976-CD56-459D-A335-A0CEA1C54143}.Debug|ARM.Build.0 = Debug|Any CPU
		{6DEB0976-CD56-459D-A335-A0CEA1C54143}.Debug|ARM.Deploy.0 = Debug|Any CPU
		{6DEB0976-CD56-459D-A335-A0CEA1C54143}.Debug|iPhone.ActiveCfg = Debug|Any CPU
		{6DEB0976-CD56-459D-A335-A0CEA1C54143}.Debug|iPhone.Build.0 = Debug|Any CPU
		{6DEB0976-CD56-459D-A335-A0CEA1C54143}.Debug|iPhone.Deploy.0 = Debug|Any CPU
		{6DEB0976-CD56-459D-A335-A0CEA1C54143}.Debug|iPhoneSimulator.ActiveCfg = Debug|Any CPU
		{6DEB0976-CD56-459D-A335-A0CEA1C54143}.Debug|iPhoneSimulator.Build.0 = Debug|Any CPU
		{6DEB0976-CD56-459D-A335-A0CEA1C54143}.Debug|iPhoneSimulator.Deploy.0 = Debug|Any CPU
		{6DEB0976-CD56-459D-A335-A0CEA1C54143}.Debug|x64.ActiveCfg = Debug|Any CPU
		{6DEB0976-CD56-459D-A335-A0CEA1C54143}.Debug|x64.Build.0 = Debug|Any CPU
		{6DEB0976-CD56-459D-A335-A0CEA1C54143}.Debug|x64.Deploy.0 = Debug|Any CPU
		{6DEB0976-CD56-459D-A335-A0CEA1C54143}.Debug|x86.ActiveCfg = Debug|Any CPU
		{6DEB0976-CD56-459D-A335-A0CEA1C54143}.Debug|x86.Build.0 = Debug|Any CPU
		{6DEB0976-CD56-459D-A335-A0CEA1C54143}.Debug|x86.Deploy.0 = Debug|Any CPU
		{6DEB0976-CD56-459D-A335-A0CEA1C54143}.Release|Any CPU.ActiveCfg = Release|Any CPU
		{6DEB0976-CD56-459D-A335-A0CEA1C54143}.Release|Any CPU.Build.0 = Release|Any CPU
		{6DEB0976-CD56-459D-A335-A0CEA1C54143}.Release|Any CPU.Deploy.0 = Release|Any CPU
		{6DEB0976-CD56-459D-A335-A0CEA1C54143}.Release|ARM.ActiveCfg = Release|Any CPU
		{6DEB0976-CD56-459D-A335-A0CEA1C54143}.Release|ARM.Build.0 = Release|Any CPU
		{6DEB0976-CD56-459D-A335-A0CEA1C54143}.Release|ARM.Deploy.0 = Release|Any CPU
		{6DEB0976-CD56-459D-A335-A0CEA1C54143}.Release|iPhone.ActiveCfg = Release|Any CPU
		{6DEB0976-CD56-459D-A335-A0CEA1C54143}.Release|iPhone.Build.0 = Release|Any CPU
		{6DEB0976-CD56-459D-A335-A0CEA1C54143}.Release|iPhone.Deploy.0 = Release|Any CPU
		{6DEB0976-CD56-459D-A335-A0CEA1C54143}.Release|iPhoneSimulator.ActiveCfg = Release|Any CPU
		{6DEB0976-CD56-459D-A335-A0CEA1C54143}.Release|iPhoneSimulator.Build.0 = Release|Any CPU
		{6DEB0976-CD56-459D-A335-A0CEA1C54143}.Release|iPhoneSimulator.Deploy.0 = Release|Any CPU
		{6DEB0976-CD56-459D-A335-A0CEA1C54143}.Release|x64.ActiveCfg = Release|Any CPU
		{6DEB0976-CD56-459D-A335-A0CEA1C54143}.Release|x64.Build.0 = Release|Any CPU
		{6DEB0976-CD56-459D-A335-A0CEA1C54143}.Release|x64.Deploy.0 = Release|Any CPU
		{6DEB0976-CD56-459D-A335-A0CEA1C54143}.Release|x86.ActiveCfg = Release|Any CPU
		{6DEB0976-CD56-459D-A335-A0CEA1C54143}.Release|x86.Build.0 = Release|Any CPU
		{6DEB0976-CD56-459D-A335-A0CEA1C54143}.Release|x86.Deploy.0 = Release|Any CPU
	EndGlobalSection
	GlobalSection(SolutionProperties) = preSolution
		HideSolutionNode = FALSE
	EndGlobalSection
	GlobalSection(NestedProjects) = preSolution
		{4A05FB3B-F441-4C18-A2C8-8410F8E21100} = {E10FFDE4-53E6-4B68-B119-0F3807DFBCBF}
		{6DEB0976-CD56-459D-A335-A0CEA1C54143} = {E10FFDE4-53E6-4B68-B119-0F3807DFBCBF}
		{D1C93E88-A83F-4736-8D22-E71C2AF25263} = {E10FFDE4-53E6-4B68-B119-0F3807DFBCBF}
	EndGlobalSection
EndGlobal
